// !$*UTF8*$!
{
	archiveVersion = 1;
	classes = {
	};
	objectVersion = 46;
	objects = {

/* Begin PBXBuildFile section */
		78226D391BB78DD000C8598D /* SvUDIDTools.m in Sources */ = {isa = PBXBuildFile; fileRef = 78226D381BB78DD000C8598D /* SvUDIDTools.m */; settings = {COMPILER_FLAGS = "-fno-objc-arc"; }; };
		78226D3B1BB78DED00C8598D /* KeychainAccessGroups.plist in Resources */ = {isa = PBXBuildFile; fileRef = 78226D3A1BB78DED00C8598D /* KeychainAccessGroups.plist */; settings = {ASSET_TAGS = (); }; };
		78226D4F1BB7911600C8598D /* EGORefreshTableHeaderView.m in Sources */ = {isa = PBXBuildFile; fileRef = 78226D3F1BB7911600C8598D /* EGORefreshTableHeaderView.m */; settings = {COMPILER_FLAGS = "-fno-objc-arc"; }; };
		78226D501BB7911600C8598D /* LoadMoreTableFooterView.m in Sources */ = {isa = PBXBuildFile; fileRef = 78226D411BB7911600C8598D /* LoadMoreTableFooterView.m */; settings = {COMPILER_FLAGS = "-fno-objc-arc"; }; };
		78226D511BB7911600C8598D /* MessageInterceptor.m in Sources */ = {isa = PBXBuildFile; fileRef = 78226D431BB7911600C8598D /* MessageInterceptor.m */; settings = {ASSET_TAGS = (); }; };
		78226D521BB7911600C8598D /* PullTableView.m in Sources */ = {isa = PBXBuildFile; fileRef = 78226D451BB7911600C8598D /* PullTableView.m */; settings = {COMPILER_FLAGS = "-fno-objc-arc"; }; };
		78226D531BB7911600C8598D /* blackArrow.png in Resources */ = {isa = PBXBuildFile; fileRef = 78226D471BB7911600C8598D /* blackArrow.png */; settings = {ASSET_TAGS = (); }; };
		78226D541BB7911600C8598D /* blackArrow@2x.png in Resources */ = {isa = PBXBuildFile; fileRef = 78226D481BB7911600C8598D /* blackArrow@2x.png */; settings = {ASSET_TAGS = (); }; };
		78226D551BB7911600C8598D /* blueArrow.png in Resources */ = {isa = PBXBuildFile; fileRef = 78226D491BB7911600C8598D /* blueArrow.png */; settings = {ASSET_TAGS = (); }; };
		78226D561BB7911600C8598D /* blueArrow@2x.png in Resources */ = {isa = PBXBuildFile; fileRef = 78226D4A1BB7911600C8598D /* blueArrow@2x.png */; settings = {ASSET_TAGS = (); }; };
		78226D571BB7911600C8598D /* grayArrow.png in Resources */ = {isa = PBXBuildFile; fileRef = 78226D4B1BB7911600C8598D /* grayArrow.png */; settings = {ASSET_TAGS = (); }; };
		78226D581BB7911600C8598D /* grayArrow@2x.png in Resources */ = {isa = PBXBuildFile; fileRef = 78226D4C1BB7911600C8598D /* grayArrow@2x.png */; settings = {ASSET_TAGS = (); }; };
		78226D591BB7911600C8598D /* whiteArrow.png in Resources */ = {isa = PBXBuildFile; fileRef = 78226D4D1BB7911600C8598D /* whiteArrow.png */; settings = {ASSET_TAGS = (); }; };
		78226D5A1BB7911600C8598D /* whiteArrow@2x.png in Resources */ = {isa = PBXBuildFile; fileRef = 78226D4E1BB7911600C8598D /* whiteArrow@2x.png */; settings = {ASSET_TAGS = (); }; };
		78226D5E1BB794DD00C8598D /* JSONKit.m in Sources */ = {isa = PBXBuildFile; fileRef = 78226D5D1BB794DD00C8598D /* JSONKit.m */; settings = {COMPILER_FLAGS = "-fno-objc-arc"; }; };
		78226D611BB7A20D00C8598D /* ChoiceSegmentedView.m in Sources */ = {isa = PBXBuildFile; fileRef = 78226D601BB7A20D00C8598D /* ChoiceSegmentedView.m */; settings = {ASSET_TAGS = (); }; };
		78226D641BB7A61500C8598D /* SubCarListViewController.m in Sources */ = {isa = PBXBuildFile; fileRef = 78226D631BB7A61500C8598D /* SubCarListViewController.m */; settings = {ASSET_TAGS = (); }; };
		7842AB981BAAB0A6005DEA8D /* NetworkCheckUtil.m in Sources */ = {isa = PBXBuildFile; fileRef = 7842AB971BAAB0A6005DEA8D /* NetworkCheckUtil.m */; settings = {ASSET_TAGS = (); }; };
		78446FA01BB22F62003B8428 /* CoreTelephony.framework in Frameworks */ = {isa = PBXBuildFile; fileRef = 78446F9F1BB22F62003B8428 /* CoreTelephony.framework */; };
		7863ABE41BA3B10000499BBB /* main.m in Sources */ = {isa = PBXBuildFile; fileRef = 7863ABE31BA3B10000499BBB /* main.m */; };
		7863ABE71BA3B10000499BBB /* AppDelegate.m in Sources */ = {isa = PBXBuildFile; fileRef = 7863ABE61BA3B10000499BBB /* AppDelegate.m */; };
		7863ABEF1BA3B10000499BBB /* Images.xcassets in Resources */ = {isa = PBXBuildFile; fileRef = 7863ABEE1BA3B10000499BBB /* Images.xcassets */; };
		7863ABF21BA3B10000499BBB /* LaunchScreen.xib in Resources */ = {isa = PBXBuildFile; fileRef = 7863ABF01BA3B10000499BBB /* LaunchScreen.xib */; };
		7863ABFE1BA3B10000499BBB /* orderTestTests.m in Sources */ = {isa = PBXBuildFile; fileRef = 7863ABFD1BA3B10000499BBB /* orderTestTests.m */; };
		7863AC121BA3B24100499BBB /* NSUserDefaults+Addition.m in Sources */ = {isa = PBXBuildFile; fileRef = 7863AC0A1BA3B24100499BBB /* NSUserDefaults+Addition.m */; };
		7863AC131BA3B24100499BBB /* UIView+Addition.m in Sources */ = {isa = PBXBuildFile; fileRef = 7863AC0C1BA3B24100499BBB /* UIView+Addition.m */; };
		7863AC171BA3B27100499BBB /* TabbarViewController.m in Sources */ = {isa = PBXBuildFile; fileRef = 7863AC161BA3B27100499BBB /* TabbarViewController.m */; };
		7863AC1A1BA3B2C800499BBB /* HomeViewController.m in Sources */ = {isa = PBXBuildFile; fileRef = 7863AC191BA3B2C800499BBB /* HomeViewController.m */; };
		7863AC1D1BA3B2E000499BBB /* OrderViewController.m in Sources */ = {isa = PBXBuildFile; fileRef = 7863AC1C1BA3B2E000499BBB /* OrderViewController.m */; };
		7863AC201BA3B30000499BBB /* MineViewController.m in Sources */ = {isa = PBXBuildFile; fileRef = 7863AC1F1BA3B30000499BBB /* MineViewController.m */; };
		7863AC231BA3B3D900499BBB /* BaseViewController.m in Sources */ = {isa = PBXBuildFile; fileRef = 7863AC221BA3B3D900499BBB /* BaseViewController.m */; };
		7863AC2D1BA3B4C500499BBB /* YLYUser.m in Sources */ = {isa = PBXBuildFile; fileRef = 7863AC2C1BA3B4C500499BBB /* YLYUser.m */; };
		7863AC301BA3B4E800499BBB /* YLYLoginViewController.m in Sources */ = {isa = PBXBuildFile; fileRef = 7863AC2F1BA3B4E800499BBB /* YLYLoginViewController.m */; };
		7863AC331BA3B94300499BBB /* CollectViewController.m in Sources */ = {isa = PBXBuildFile; fileRef = 7863AC321BA3B94300499BBB /* CollectViewController.m */; };
		7863AC361BA3B94E00499BBB /* RecordViewController.m in Sources */ = {isa = PBXBuildFile; fileRef = 7863AC351BA3B94E00499BBB /* RecordViewController.m */; };
		7863AC391BA3B96A00499BBB /* MilViewController.m in Sources */ = {isa = PBXBuildFile; fileRef = 7863AC381BA3B96A00499BBB /* MilViewController.m */; };
		7863AC3D1BA3D6AD00499BBB /* YLYTipsTextField.m in Sources */ = {isa = PBXBuildFile; fileRef = 7863AC3C1BA3D6AD00499BBB /* YLYTipsTextField.m */; };
		7863AC401BA3F48F00499BBB /* Order.m in Sources */ = {isa = PBXBuildFile; fileRef = 7863AC3F1BA3F48F00499BBB /* Order.m */; };
		788C9E811BB257BC00D8D2B2 /* NSDictionary+NSDictionary_Addition.m in Sources */ = {isa = PBXBuildFile; fileRef = 788C9E801BB257BC00D8D2B2 /* NSDictionary+NSDictionary_Addition.m */; settings = {ASSET_TAGS = (); }; };
		788C9E841BB25A0400D8D2B2 /* Car.m in Sources */ = {isa = PBXBuildFile; fileRef = 788C9E831BB25A0400D8D2B2 /* Car.m */; settings = {ASSET_TAGS = (); }; };
		788C9E871BB25A1100D8D2B2 /* Driver.m in Sources */ = {isa = PBXBuildFile; fileRef = 788C9E861BB25A1100D8D2B2 /* Driver.m */; settings = {ASSET_TAGS = (); }; };
		78EA6E0A1BA5052E007A5580 /* ServiceViewController.m in Sources */ = {isa = PBXBuildFile; fileRef = 78EA6E091BA5052E007A5580 /* ServiceViewController.m */; };
		78EA6E0D1BA5081A007A5580 /* ArrowButton.m in Sources */ = {isa = PBXBuildFile; fileRef = 78EA6E0C1BA5081A007A5580 /* ArrowButton.m */; };
		78EA6E101BA50D9F007A5580 /* ImageButton.m in Sources */ = {isa = PBXBuildFile; fileRef = 78EA6E0F1BA50D9F007A5580 /* ImageButton.m */; };
		78EA6E131BA517CB007A5580 /* DashView.m in Sources */ = {isa = PBXBuildFile; fileRef = 78EA6E121BA517CB007A5580 /* DashView.m */; };
		78EA6E161BA51A9B007A5580 /* NSDate+Addition.m in Sources */ = {isa = PBXBuildFile; fileRef = 78EA6E151BA51A9B007A5580 /* NSDate+Addition.m */; };
		78EA6E191BA53263007A5580 /* DriverListViewController.m in Sources */ = {isa = PBXBuildFile; fileRef = 78EA6E181BA53263007A5580 /* DriverListViewController.m */; };
		78EA6E1C1BA5327C007A5580 /* DriverTableViewCell.m in Sources */ = {isa = PBXBuildFile; fileRef = 78EA6E1B1BA5327C007A5580 /* DriverTableViewCell.m */; };
		78EA6E251BA53427007A5580 /* RecordListViewController.m in Sources */ = {isa = PBXBuildFile; fileRef = 78EA6E1E1BA53427007A5580 /* RecordListViewController.m */; };
		78EA6E261BA53427007A5580 /* CarListViewController.m in Sources */ = {isa = PBXBuildFile; fileRef = 78EA6E201BA53427007A5580 /* CarListViewController.m */; };
		78EA6E271BA53427007A5580 /* RecordTableViewCell.m in Sources */ = {isa = PBXBuildFile; fileRef = 78EA6E221BA53427007A5580 /* RecordTableViewCell.m */; };
		78EA6E281BA53427007A5580 /* CarTableViewCell.m in Sources */ = {isa = PBXBuildFile; fileRef = 78EA6E241BA53427007A5580 /* CarTableViewCell.m */; };
		78EA6E5B1BA58C06007A5580 /* AFHTTPRequestOperation.m in Sources */ = {isa = PBXBuildFile; fileRef = 78EA6E2D1BA58C06007A5580 /* AFHTTPRequestOperation.m */; };
		78EA6E5C1BA58C06007A5580 /* AFHTTPRequestOperationManager.m in Sources */ = {isa = PBXBuildFile; fileRef = 78EA6E2F1BA58C06007A5580 /* AFHTTPRequestOperationManager.m */; };
		78EA6E5D1BA58C06007A5580 /* AFHTTPSessionManager.m in Sources */ = {isa = PBXBuildFile; fileRef = 78EA6E311BA58C06007A5580 /* AFHTTPSessionManager.m */; };
		78EA6E5E1BA58C06007A5580 /* AFNetworkReachabilityManager.m in Sources */ = {isa = PBXBuildFile; fileRef = 78EA6E341BA58C06007A5580 /* AFNetworkReachabilityManager.m */; };
		78EA6E5F1BA58C06007A5580 /* AFSecurityPolicy.m in Sources */ = {isa = PBXBuildFile; fileRef = 78EA6E361BA58C06007A5580 /* AFSecurityPolicy.m */; };
		78EA6E601BA58C06007A5580 /* AFURLConnectionOperation.m in Sources */ = {isa = PBXBuildFile; fileRef = 78EA6E381BA58C06007A5580 /* AFURLConnectionOperation.m */; };
		78EA6E611BA58C06007A5580 /* AFURLRequestSerialization.m in Sources */ = {isa = PBXBuildFile; fileRef = 78EA6E3A1BA58C06007A5580 /* AFURLRequestSerialization.m */; };
		78EA6E621BA58C06007A5580 /* AFURLResponseSerialization.m in Sources */ = {isa = PBXBuildFile; fileRef = 78EA6E3C1BA58C06007A5580 /* AFURLResponseSerialization.m */; };
		78EA6E631BA58C06007A5580 /* AFURLSessionManager.m in Sources */ = {isa = PBXBuildFile; fileRef = 78EA6E3E1BA58C06007A5580 /* AFURLSessionManager.m */; };
		78EA6E641BA58C06007A5580 /* LICENSE in Resources */ = {isa = PBXBuildFile; fileRef = 78EA6E3F1BA58C06007A5580 /* LICENSE */; };
		78EA6E651BA58C06007A5580 /* README.md in Sources */ = {isa = PBXBuildFile; fileRef = 78EA6E401BA58C06007A5580 /* README.md */; };
		78EA6E661BA58C06007A5580 /* AFNetworkActivityIndicatorManager.m in Sources */ = {isa = PBXBuildFile; fileRef = 78EA6E431BA58C06007A5580 /* AFNetworkActivityIndicatorManager.m */; };
		78EA6E671BA58C06007A5580 /* UIActivityIndicatorView+AFNetworking.m in Sources */ = {isa = PBXBuildFile; fileRef = 78EA6E451BA58C06007A5580 /* UIActivityIndicatorView+AFNetworking.m */; };
		78EA6E681BA58C06007A5580 /* UIAlertView+AFNetworking.m in Sources */ = {isa = PBXBuildFile; fileRef = 78EA6E471BA58C06007A5580 /* UIAlertView+AFNetworking.m */; };
		78EA6E691BA58C06007A5580 /* UIButton+AFNetworking.m in Sources */ = {isa = PBXBuildFile; fileRef = 78EA6E491BA58C06007A5580 /* UIButton+AFNetworking.m */; };
		78EA6E6A1BA58C06007A5580 /* UIImageView+AFNetworking.m in Sources */ = {isa = PBXBuildFile; fileRef = 78EA6E4B1BA58C06007A5580 /* UIImageView+AFNetworking.m */; };
		78EA6E6B1BA58C06007A5580 /* UIProgressView+AFNetworking.m in Sources */ = {isa = PBXBuildFile; fileRef = 78EA6E4E1BA58C06007A5580 /* UIProgressView+AFNetworking.m */; };
		78EA6E6C1BA58C06007A5580 /* UIRefreshControl+AFNetworking.m in Sources */ = {isa = PBXBuildFile; fileRef = 78EA6E501BA58C06007A5580 /* UIRefreshControl+AFNetworking.m */; };
		78EA6E6D1BA58C06007A5580 /* UIWebView+AFNetworking.m in Sources */ = {isa = PBXBuildFile; fileRef = 78EA6E521BA58C06007A5580 /* UIWebView+AFNetworking.m */; };
		78EA6E6E1BA58C06007A5580 /* DejalActivityView.m in Sources */ = {isa = PBXBuildFile; fileRef = 78EA6E551BA58C06007A5580 /* DejalActivityView.m */; };
		78EA6E6F1BA58C06007A5580 /* TKAlertCenter.m in Sources */ = {isa = PBXBuildFile; fileRef = 78EA6E581BA58C06007A5580 /* TKAlertCenter.m */; settings = {COMPILER_FLAGS = "-fno-objc-arc"; }; };
		78EA6E701BA58C06007A5580 /* UIView+TKCategory.m in Sources */ = {isa = PBXBuildFile; fileRef = 78EA6E5A1BA58C06007A5580 /* UIView+TKCategory.m */; };
		78EA6E741BA58D3B007A5580 /* Service.m in Sources */ = {isa = PBXBuildFile; fileRef = 78EA6E731BA58D3B007A5580 /* Service.m */; };
/* End PBXBuildFile section */

/* Begin PBXContainerItemProxy section */
		7863ABF81BA3B10000499BBB /* PBXContainerItemProxy */ = {
			isa = PBXContainerItemProxy;
			containerPortal = 7863ABD61BA3B10000499BBB /* Project object */;
			proxyType = 1;
			remoteGlobalIDString = 7863ABDD1BA3B10000499BBB;
			remoteInfo = orderTest;
		};
/* End PBXContainerItemProxy section */

/* Begin PBXFileReference section */
		78226D371BB78DD000C8598D /* SvUDIDTools.h */ = {isa = PBXFileReference; fileEncoding = 4; lastKnownFileType = sourcecode.c.h; path = SvUDIDTools.h; sourceTree = "<group>"; };
		78226D381BB78DD000C8598D /* SvUDIDTools.m */ = {isa = PBXFileReference; fileEncoding = 4; lastKnownFileType = sourcecode.c.objc; path = SvUDIDTools.m; sourceTree = "<group>"; };
		78226D3A1BB78DED00C8598D /* KeychainAccessGroups.plist */ = {isa = PBXFileReference; fileEncoding = 4; lastKnownFileType = text.plist.xml; path = KeychainAccessGroups.plist; sourceTree = "<group>"; };
		78226D3E1BB7911600C8598D /* EGORefreshTableHeaderView.h */ = {isa = PBXFileReference; fileEncoding = 4; lastKnownFileType = sourcecode.c.h; path = EGORefreshTableHeaderView.h; sourceTree = "<group>"; };
		78226D3F1BB7911600C8598D /* EGORefreshTableHeaderView.m */ = {isa = PBXFileReference; fileEncoding = 4; lastKnownFileType = sourcecode.c.objc; path = EGORefreshTableHeaderView.m; sourceTree = "<group>"; };
		78226D401BB7911600C8598D /* LoadMoreTableFooterView.h */ = {isa = PBXFileReference; fileEncoding = 4; lastKnownFileType = sourcecode.c.h; path = LoadMoreTableFooterView.h; sourceTree = "<group>"; };
		78226D411BB7911600C8598D /* LoadMoreTableFooterView.m */ = {isa = PBXFileReference; fileEncoding = 4; lastKnownFileType = sourcecode.c.objc; path = LoadMoreTableFooterView.m; sourceTree = "<group>"; };
		78226D421BB7911600C8598D /* MessageInterceptor.h */ = {isa = PBXFileReference; fileEncoding = 4; lastKnownFileType = sourcecode.c.h; path = MessageInterceptor.h; sourceTree = "<group>"; };
		78226D431BB7911600C8598D /* MessageInterceptor.m */ = {isa = PBXFileReference; fileEncoding = 4; lastKnownFileType = sourcecode.c.objc; path = MessageInterceptor.m; sourceTree = "<group>"; };
		78226D441BB7911600C8598D /* PullTableView.h */ = {isa = PBXFileReference; fileEncoding = 4; lastKnownFileType = sourcecode.c.h; path = PullTableView.h; sourceTree = "<group>"; };
		78226D451BB7911600C8598D /* PullTableView.m */ = {isa = PBXFileReference; fileEncoding = 4; lastKnownFileType = sourcecode.c.objc; path = PullTableView.m; sourceTree = "<group>"; };
		78226D471BB7911600C8598D /* blackArrow.png */ = {isa = PBXFileReference; lastKnownFileType = image.png; path = blackArrow.png; sourceTree = "<group>"; };
		78226D481BB7911600C8598D /* blackArrow@2x.png */ = {isa = PBXFileReference; lastKnownFileType = image.png; path = "blackArrow@2x.png"; sourceTree = "<group>"; };
		78226D491BB7911600C8598D /* blueArrow.png */ = {isa = PBXFileReference; lastKnownFileType = image.png; path = blueArrow.png; sourceTree = "<group>"; };
		78226D4A1BB7911600C8598D /* blueArrow@2x.png */ = {isa = PBXFileReference; lastKnownFileType = image.png; path = "blueArrow@2x.png"; sourceTree = "<group>"; };
		78226D4B1BB7911600C8598D /* grayArrow.png */ = {isa = PBXFileReference; lastKnownFileType = image.png; path = grayArrow.png; sourceTree = "<group>"; };
		78226D4C1BB7911600C8598D /* grayArrow@2x.png */ = {isa = PBXFileReference; lastKnownFileType = image.png; path = "grayArrow@2x.png"; sourceTree = "<group>"; };
		78226D4D1BB7911600C8598D /* whiteArrow.png */ = {isa = PBXFileReference; lastKnownFileType = image.png; path = whiteArrow.png; sourceTree = "<group>"; };
		78226D4E1BB7911600C8598D /* whiteArrow@2x.png */ = {isa = PBXFileReference; lastKnownFileType = image.png; path = "whiteArrow@2x.png"; sourceTree = "<group>"; };
		78226D5C1BB794DD00C8598D /* JSONKit.h */ = {isa = PBXFileReference; fileEncoding = 4; lastKnownFileType = sourcecode.c.h; path = JSONKit.h; sourceTree = "<group>"; };
		78226D5D1BB794DD00C8598D /* JSONKit.m */ = {isa = PBXFileReference; fileEncoding = 4; lastKnownFileType = sourcecode.c.objc; path = JSONKit.m; sourceTree = "<group>"; };
		78226D5F1BB7A20D00C8598D /* ChoiceSegmentedView.h */ = {isa = PBXFileReference; fileEncoding = 4; lastKnownFileType = sourcecode.c.h; path = ChoiceSegmentedView.h; sourceTree = "<group>"; };
		78226D601BB7A20D00C8598D /* ChoiceSegmentedView.m */ = {isa = PBXFileReference; fileEncoding = 4; lastKnownFileType = sourcecode.c.objc; path = ChoiceSegmentedView.m; sourceTree = "<group>"; };
		78226D621BB7A61500C8598D /* SubCarListViewController.h */ = {isa = PBXFileReference; fileEncoding = 4; lastKnownFileType = sourcecode.c.h; path = SubCarListViewController.h; sourceTree = "<group>"; };
		78226D631BB7A61500C8598D /* SubCarListViewController.m */ = {isa = PBXFileReference; fileEncoding = 4; lastKnownFileType = sourcecode.c.objc; path = SubCarListViewController.m; sourceTree = "<group>"; };
		7842AB961BAAB0A6005DEA8D /* NetworkCheckUtil.h */ = {isa = PBXFileReference; fileEncoding = 4; lastKnownFileType = sourcecode.c.h; path = NetworkCheckUtil.h; sourceTree = "<group>"; };
		7842AB971BAAB0A6005DEA8D /* NetworkCheckUtil.m */ = {isa = PBXFileReference; fileEncoding = 4; lastKnownFileType = sourcecode.c.objc; path = NetworkCheckUtil.m; sourceTree = "<group>"; };
		78446F9F1BB22F62003B8428 /* CoreTelephony.framework */ = {isa = PBXFileReference; lastKnownFileType = wrapper.framework; name = CoreTelephony.framework; path = System/Library/Frameworks/CoreTelephony.framework; sourceTree = SDKROOT; };
		7863ABDE1BA3B10000499BBB /* orderTest.app */ = {isa = PBXFileReference; explicitFileType = wrapper.application; includeInIndex = 0; path = orderTest.app; sourceTree = BUILT_PRODUCTS_DIR; };
		7863ABE21BA3B10000499BBB /* Info.plist */ = {isa = PBXFileReference; lastKnownFileType = text.plist.xml; path = Info.plist; sourceTree = "<group>"; };
		7863ABE31BA3B10000499BBB /* main.m */ = {isa = PBXFileReference; lastKnownFileType = sourcecode.c.objc; path = main.m; sourceTree = "<group>"; };
		7863ABE51BA3B10000499BBB /* AppDelegate.h */ = {isa = PBXFileReference; lastKnownFileType = sourcecode.c.h; path = AppDelegate.h; sourceTree = "<group>"; };
		7863ABE61BA3B10000499BBB /* AppDelegate.m */ = {isa = PBXFileReference; lastKnownFileType = sourcecode.c.objc; path = AppDelegate.m; sourceTree = "<group>"; };
		7863ABEE1BA3B10000499BBB /* Images.xcassets */ = {isa = PBXFileReference; lastKnownFileType = folder.assetcatalog; path = Images.xcassets; sourceTree = "<group>"; };
		7863ABF11BA3B10000499BBB /* Base */ = {isa = PBXFileReference; lastKnownFileType = file.xib; name = Base; path = Base.lproj/LaunchScreen.xib; sourceTree = "<group>"; };
		7863ABF71BA3B10000499BBB /* orderTestTests.xctest */ = {isa = PBXFileReference; explicitFileType = wrapper.cfbundle; includeInIndex = 0; path = orderTestTests.xctest; sourceTree = BUILT_PRODUCTS_DIR; };
		7863ABFC1BA3B10000499BBB /* Info.plist */ = {isa = PBXFileReference; lastKnownFileType = text.plist.xml; path = Info.plist; sourceTree = "<group>"; };
		7863ABFD1BA3B10000499BBB /* orderTestTests.m */ = {isa = PBXFileReference; lastKnownFileType = sourcecode.c.objc; path = orderTestTests.m; sourceTree = "<group>"; };
		7863AC071BA3B14800499BBB /* PrefixHeader.pch */ = {isa = PBXFileReference; fileEncoding = 4; lastKnownFileType = sourcecode.c.h; path = PrefixHeader.pch; sourceTree = "<group>"; };
		7863AC091BA3B24100499BBB /* NSUserDefaults+Addition.h */ = {isa = PBXFileReference; fileEncoding = 4; lastKnownFileType = sourcecode.c.h; path = "NSUserDefaults+Addition.h"; sourceTree = "<group>"; };
		7863AC0A1BA3B24100499BBB /* NSUserDefaults+Addition.m */ = {isa = PBXFileReference; fileEncoding = 4; lastKnownFileType = sourcecode.c.objc; path = "NSUserDefaults+Addition.m"; sourceTree = "<group>"; };
		7863AC0B1BA3B24100499BBB /* UIView+Addition.h */ = {isa = PBXFileReference; fileEncoding = 4; lastKnownFileType = sourcecode.c.h; path = "UIView+Addition.h"; sourceTree = "<group>"; };
		7863AC0C1BA3B24100499BBB /* UIView+Addition.m */ = {isa = PBXFileReference; fileEncoding = 4; lastKnownFileType = sourcecode.c.objc; path = "UIView+Addition.m"; sourceTree = "<group>"; };
		7863AC111BA3B24100499BBB /* YLYMacros.h */ = {isa = PBXFileReference; fileEncoding = 4; lastKnownFileType = sourcecode.c.h; path = YLYMacros.h; sourceTree = "<group>"; };
		7863AC151BA3B27100499BBB /* TabbarViewController.h */ = {isa = PBXFileReference; fileEncoding = 4; lastKnownFileType = sourcecode.c.h; path = TabbarViewController.h; sourceTree = "<group>"; };
		7863AC161BA3B27100499BBB /* TabbarViewController.m */ = {isa = PBXFileReference; fileEncoding = 4; lastKnownFileType = sourcecode.c.objc; path = TabbarViewController.m; sourceTree = "<group>"; };
		7863AC181BA3B2C800499BBB /* HomeViewController.h */ = {isa = PBXFileReference; fileEncoding = 4; lastKnownFileType = sourcecode.c.h; path = HomeViewController.h; sourceTree = "<group>"; };
		7863AC191BA3B2C800499BBB /* HomeViewController.m */ = {isa = PBXFileReference; fileEncoding = 4; lastKnownFileType = sourcecode.c.objc; path = HomeViewController.m; sourceTree = "<group>"; };
		7863AC1B1BA3B2E000499BBB /* OrderViewController.h */ = {isa = PBXFileReference; fileEncoding = 4; lastKnownFileType = sourcecode.c.h; path = OrderViewController.h; sourceTree = "<group>"; };
		7863AC1C1BA3B2E000499BBB /* OrderViewController.m */ = {isa = PBXFileReference; fileEncoding = 4; lastKnownFileType = sourcecode.c.objc; path = OrderViewController.m; sourceTree = "<group>"; };
		7863AC1E1BA3B30000499BBB /* MineViewController.h */ = {isa = PBXFileReference; fileEncoding = 4; lastKnownFileType = sourcecode.c.h; path = MineViewController.h; sourceTree = "<group>"; };
		7863AC1F1BA3B30000499BBB /* MineViewController.m */ = {isa = PBXFileReference; fileEncoding = 4; lastKnownFileType = sourcecode.c.objc; path = MineViewController.m; sourceTree = "<group>"; };
		7863AC211BA3B3D900499BBB /* BaseViewController.h */ = {isa = PBXFileReference; fileEncoding = 4; lastKnownFileType = sourcecode.c.h; path = BaseViewController.h; sourceTree = "<group>"; };
		7863AC221BA3B3D900499BBB /* BaseViewController.m */ = {isa = PBXFileReference; fileEncoding = 4; lastKnownFileType = sourcecode.c.objc; path = BaseViewController.m; sourceTree = "<group>"; };
		7863AC2B1BA3B4C500499BBB /* YLYUser.h */ = {isa = PBXFileReference; fileEncoding = 4; lastKnownFileType = sourcecode.c.h; path = YLYUser.h; sourceTree = "<group>"; };
		7863AC2C1BA3B4C500499BBB /* YLYUser.m */ = {isa = PBXFileReference; fileEncoding = 4; lastKnownFileType = sourcecode.c.objc; path = YLYUser.m; sourceTree = "<group>"; };
		7863AC2E1BA3B4E800499BBB /* YLYLoginViewController.h */ = {isa = PBXFileReference; fileEncoding = 4; lastKnownFileType = sourcecode.c.h; path = YLYLoginViewController.h; sourceTree = "<group>"; };
		7863AC2F1BA3B4E800499BBB /* YLYLoginViewController.m */ = {isa = PBXFileReference; fileEncoding = 4; lastKnownFileType = sourcecode.c.objc; path = YLYLoginViewController.m; sourceTree = "<group>"; };
		7863AC311BA3B94300499BBB /* CollectViewController.h */ = {isa = PBXFileReference; fileEncoding = 4; lastKnownFileType = sourcecode.c.h; path = CollectViewController.h; sourceTree = "<group>"; };
		7863AC321BA3B94300499BBB /* CollectViewController.m */ = {isa = PBXFileReference; fileEncoding = 4; lastKnownFileType = sourcecode.c.objc; path = CollectViewController.m; sourceTree = "<group>"; };
		7863AC341BA3B94E00499BBB /* RecordViewController.h */ = {isa = PBXFileReference; fileEncoding = 4; lastKnownFileType = sourcecode.c.h; path = RecordViewController.h; sourceTree = "<group>"; };
		7863AC351BA3B94E00499BBB /* RecordViewController.m */ = {isa = PBXFileReference; fileEncoding = 4; lastKnownFileType = sourcecode.c.objc; path = RecordViewController.m; sourceTree = "<group>"; };
		7863AC371BA3B96A00499BBB /* MilViewController.h */ = {isa = PBXFileReference; fileEncoding = 4; lastKnownFileType = sourcecode.c.h; path = MilViewController.h; sourceTree = "<group>"; };
		7863AC381BA3B96A00499BBB /* MilViewController.m */ = {isa = PBXFileReference; fileEncoding = 4; lastKnownFileType = sourcecode.c.objc; path = MilViewController.m; sourceTree = "<group>"; };
		7863AC3B1BA3D6AD00499BBB /* YLYTipsTextField.h */ = {isa = PBXFileReference; fileEncoding = 4; lastKnownFileType = sourcecode.c.h; path = YLYTipsTextField.h; sourceTree = "<group>"; };
		7863AC3C1BA3D6AD00499BBB /* YLYTipsTextField.m */ = {isa = PBXFileReference; fileEncoding = 4; lastKnownFileType = sourcecode.c.objc; path = YLYTipsTextField.m; sourceTree = "<group>"; };
		7863AC3E1BA3F48F00499BBB /* Order.h */ = {isa = PBXFileReference; fileEncoding = 4; lastKnownFileType = sourcecode.c.h; path = Order.h; sourceTree = "<group>"; };
		7863AC3F1BA3F48F00499BBB /* Order.m */ = {isa = PBXFileReference; fileEncoding = 4; lastKnownFileType = sourcecode.c.objc; path = Order.m; sourceTree = "<group>"; };
		788C9E7F1BB257BC00D8D2B2 /* NSDictionary+NSDictionary_Addition.h */ = {isa = PBXFileReference; fileEncoding = 4; lastKnownFileType = sourcecode.c.h; path = "NSDictionary+NSDictionary_Addition.h"; sourceTree = "<group>"; };
		788C9E801BB257BC00D8D2B2 /* NSDictionary+NSDictionary_Addition.m */ = {isa = PBXFileReference; fileEncoding = 4; lastKnownFileType = sourcecode.c.objc; path = "NSDictionary+NSDictionary_Addition.m"; sourceTree = "<group>"; };
		788C9E821BB25A0400D8D2B2 /* Car.h */ = {isa = PBXFileReference; fileEncoding = 4; lastKnownFileType = sourcecode.c.h; path = Car.h; sourceTree = "<group>"; };
		788C9E831BB25A0400D8D2B2 /* Car.m */ = {isa = PBXFileReference; fileEncoding = 4; lastKnownFileType = sourcecode.c.objc; path = Car.m; sourceTree = "<group>"; };
		788C9E851BB25A1100D8D2B2 /* Driver.h */ = {isa = PBXFileReference; fileEncoding = 4; lastKnownFileType = sourcecode.c.h; path = Driver.h; sourceTree = "<group>"; };
		788C9E861BB25A1100D8D2B2 /* Driver.m */ = {isa = PBXFileReference; fileEncoding = 4; lastKnownFileType = sourcecode.c.objc; path = Driver.m; sourceTree = "<group>"; };
		78EA6E081BA5052E007A5580 /* ServiceViewController.h */ = {isa = PBXFileReference; fileEncoding = 4; lastKnownFileType = sourcecode.c.h; path = ServiceViewController.h; sourceTree = "<group>"; };
		78EA6E091BA5052E007A5580 /* ServiceViewController.m */ = {isa = PBXFileReference; fileEncoding = 4; lastKnownFileType = sourcecode.c.objc; path = ServiceViewController.m; sourceTree = "<group>"; };
		78EA6E0B1BA5081A007A5580 /* ArrowButton.h */ = {isa = PBXFileReference; fileEncoding = 4; lastKnownFileType = sourcecode.c.h; path = ArrowButton.h; sourceTree = "<group>"; };
		78EA6E0C1BA5081A007A5580 /* ArrowButton.m */ = {isa = PBXFileReference; fileEncoding = 4; lastKnownFileType = sourcecode.c.objc; path = ArrowButton.m; sourceTree = "<group>"; };
		78EA6E0E1BA50D9F007A5580 /* ImageButton.h */ = {isa = PBXFileReference; fileEncoding = 4; lastKnownFileType = sourcecode.c.h; path = ImageButton.h; sourceTree = "<group>"; };
		78EA6E0F1BA50D9F007A5580 /* ImageButton.m */ = {isa = PBXFileReference; fileEncoding = 4; lastKnownFileType = sourcecode.c.objc; path = ImageButton.m; sourceTree = "<group>"; };
		78EA6E111BA517CB007A5580 /* DashView.h */ = {isa = PBXFileReference; fileEncoding = 4; lastKnownFileType = sourcecode.c.h; path = DashView.h; sourceTree = "<group>"; };
		78EA6E121BA517CB007A5580 /* DashView.m */ = {isa = PBXFileReference; fileEncoding = 4; lastKnownFileType = sourcecode.c.objc; path = DashView.m; sourceTree = "<group>"; };
		78EA6E141BA51A9B007A5580 /* NSDate+Addition.h */ = {isa = PBXFileReference; fileEncoding = 4; lastKnownFileType = sourcecode.c.h; path = "NSDate+Addition.h"; sourceTree = "<group>"; };
		78EA6E151BA51A9B007A5580 /* NSDate+Addition.m */ = {isa = PBXFileReference; fileEncoding = 4; lastKnownFileType = sourcecode.c.objc; path = "NSDate+Addition.m"; sourceTree = "<group>"; };
		78EA6E171BA53263007A5580 /* DriverListViewController.h */ = {isa = PBXFileReference; fileEncoding = 4; lastKnownFileType = sourcecode.c.h; path = DriverListViewController.h; sourceTree = "<group>"; };
		78EA6E181BA53263007A5580 /* DriverListViewController.m */ = {isa = PBXFileReference; fileEncoding = 4; lastKnownFileType = sourcecode.c.objc; path = DriverListViewController.m; sourceTree = "<group>"; };
		78EA6E1A1BA5327C007A5580 /* DriverTableViewCell.h */ = {isa = PBXFileReference; fileEncoding = 4; lastKnownFileType = sourcecode.c.h; path = DriverTableViewCell.h; sourceTree = "<group>"; };
		78EA6E1B1BA5327C007A5580 /* DriverTableViewCell.m */ = {isa = PBXFileReference; fileEncoding = 4; lastKnownFileType = sourcecode.c.objc; path = DriverTableViewCell.m; sourceTree = "<group>"; };
		78EA6E1D1BA53427007A5580 /* RecordListViewController.h */ = {isa = PBXFileReference; fileEncoding = 4; lastKnownFileType = sourcecode.c.h; path = RecordListViewController.h; sourceTree = "<group>"; };
		78EA6E1E1BA53427007A5580 /* RecordListViewController.m */ = {isa = PBXFileReference; fileEncoding = 4; lastKnownFileType = sourcecode.c.objc; path = RecordListViewController.m; sourceTree = "<group>"; };
		78EA6E1F1BA53427007A5580 /* CarListViewController.h */ = {isa = PBXFileReference; fileEncoding = 4; lastKnownFileType = sourcecode.c.h; path = CarListViewController.h; sourceTree = "<group>"; };
		78EA6E201BA53427007A5580 /* CarListViewController.m */ = {isa = PBXFileReference; fileEncoding = 4; lastKnownFileType = sourcecode.c.objc; path = CarListViewController.m; sourceTree = "<group>"; };
		78EA6E211BA53427007A5580 /* RecordTableViewCell.h */ = {isa = PBXFileReference; fileEncoding = 4; lastKnownFileType = sourcecode.c.h; path = RecordTableViewCell.h; sourceTree = "<group>"; };
		78EA6E221BA53427007A5580 /* RecordTableViewCell.m */ = {isa = PBXFileReference; fileEncoding = 4; lastKnownFileType = sourcecode.c.objc; path = RecordTableViewCell.m; sourceTree = "<group>"; };
		78EA6E231BA53427007A5580 /* CarTableViewCell.h */ = {isa = PBXFileReference; fileEncoding = 4; lastKnownFileType = sourcecode.c.h; path = CarTableViewCell.h; sourceTree = "<group>"; };
		78EA6E241BA53427007A5580 /* CarTableViewCell.m */ = {isa = PBXFileReference; fileEncoding = 4; lastKnownFileType = sourcecode.c.objc; path = CarTableViewCell.m; sourceTree = "<group>"; };
		78EA6E2C1BA58C06007A5580 /* AFHTTPRequestOperation.h */ = {isa = PBXFileReference; fileEncoding = 4; lastKnownFileType = sourcecode.c.h; path = AFHTTPRequestOperation.h; sourceTree = "<group>"; };
		78EA6E2D1BA58C06007A5580 /* AFHTTPRequestOperation.m */ = {isa = PBXFileReference; fileEncoding = 4; lastKnownFileType = sourcecode.c.objc; path = AFHTTPRequestOperation.m; sourceTree = "<group>"; };
		78EA6E2E1BA58C06007A5580 /* AFHTTPRequestOperationManager.h */ = {isa = PBXFileReference; fileEncoding = 4; lastKnownFileType = sourcecode.c.h; path = AFHTTPRequestOperationManager.h; sourceTree = "<group>"; };
		78EA6E2F1BA58C06007A5580 /* AFHTTPRequestOperationManager.m */ = {isa = PBXFileReference; fileEncoding = 4; lastKnownFileType = sourcecode.c.objc; path = AFHTTPRequestOperationManager.m; sourceTree = "<group>"; };
		78EA6E301BA58C06007A5580 /* AFHTTPSessionManager.h */ = {isa = PBXFileReference; fileEncoding = 4; lastKnownFileType = sourcecode.c.h; path = AFHTTPSessionManager.h; sourceTree = "<group>"; };
		78EA6E311BA58C06007A5580 /* AFHTTPSessionManager.m */ = {isa = PBXFileReference; fileEncoding = 4; lastKnownFileType = sourcecode.c.objc; path = AFHTTPSessionManager.m; sourceTree = "<group>"; };
		78EA6E321BA58C06007A5580 /* AFNetworking.h */ = {isa = PBXFileReference; fileEncoding = 4; lastKnownFileType = sourcecode.c.h; path = AFNetworking.h; sourceTree = "<group>"; };
		78EA6E331BA58C06007A5580 /* AFNetworkReachabilityManager.h */ = {isa = PBXFileReference; fileEncoding = 4; lastKnownFileType = sourcecode.c.h; path = AFNetworkReachabilityManager.h; sourceTree = "<group>"; };
		78EA6E341BA58C06007A5580 /* AFNetworkReachabilityManager.m */ = {isa = PBXFileReference; fileEncoding = 4; lastKnownFileType = sourcecode.c.objc; path = AFNetworkReachabilityManager.m; sourceTree = "<group>"; };
		78EA6E351BA58C06007A5580 /* AFSecurityPolicy.h */ = {isa = PBXFileReference; fileEncoding = 4; lastKnownFileType = sourcecode.c.h; path = AFSecurityPolicy.h; sourceTree = "<group>"; };
		78EA6E361BA58C06007A5580 /* AFSecurityPolicy.m */ = {isa = PBXFileReference; fileEncoding = 4; lastKnownFileType = sourcecode.c.objc; path = AFSecurityPolicy.m; sourceTree = "<group>"; };
		78EA6E371BA58C06007A5580 /* AFURLConnectionOperation.h */ = {isa = PBXFileReference; fileEncoding = 4; lastKnownFileType = sourcecode.c.h; path = AFURLConnectionOperation.h; sourceTree = "<group>"; };
		78EA6E381BA58C06007A5580 /* AFURLConnectionOperation.m */ = {isa = PBXFileReference; fileEncoding = 4; lastKnownFileType = sourcecode.c.objc; path = AFURLConnectionOperation.m; sourceTree = "<group>"; };
		78EA6E391BA58C06007A5580 /* AFURLRequestSerialization.h */ = {isa = PBXFileReference; fileEncoding = 4; lastKnownFileType = sourcecode.c.h; path = AFURLRequestSerialization.h; sourceTree = "<group>"; };
		78EA6E3A1BA58C06007A5580 /* AFURLRequestSerialization.m */ = {isa = PBXFileReference; fileEncoding = 4; lastKnownFileType = sourcecode.c.objc; path = AFURLRequestSerialization.m; sourceTree = "<group>"; };
		78EA6E3B1BA58C06007A5580 /* AFURLResponseSerialization.h */ = {isa = PBXFileReference; fileEncoding = 4; lastKnownFileType = sourcecode.c.h; path = AFURLResponseSerialization.h; sourceTree = "<group>"; };
		78EA6E3C1BA58C06007A5580 /* AFURLResponseSerialization.m */ = {isa = PBXFileReference; fileEncoding = 4; lastKnownFileType = sourcecode.c.objc; path = AFURLResponseSerialization.m; sourceTree = "<group>"; };
		78EA6E3D1BA58C06007A5580 /* AFURLSessionManager.h */ = {isa = PBXFileReference; fileEncoding = 4; lastKnownFileType = sourcecode.c.h; path = AFURLSessionManager.h; sourceTree = "<group>"; };
		78EA6E3E1BA58C06007A5580 /* AFURLSessionManager.m */ = {isa = PBXFileReference; fileEncoding = 4; lastKnownFileType = sourcecode.c.objc; path = AFURLSessionManager.m; sourceTree = "<group>"; };
		78EA6E3F1BA58C06007A5580 /* LICENSE */ = {isa = PBXFileReference; fileEncoding = 4; lastKnownFileType = text; path = LICENSE; sourceTree = "<group>"; };
		78EA6E401BA58C06007A5580 /* README.md */ = {isa = PBXFileReference; fileEncoding = 4; lastKnownFileType = net.daringfireball.markdown; path = README.md; sourceTree = "<group>"; };
		78EA6E421BA58C06007A5580 /* AFNetworkActivityIndicatorManager.h */ = {isa = PBXFileReference; fileEncoding = 4; lastKnownFileType = sourcecode.c.h; path = AFNetworkActivityIndicatorManager.h; sourceTree = "<group>"; };
		78EA6E431BA58C06007A5580 /* AFNetworkActivityIndicatorManager.m */ = {isa = PBXFileReference; fileEncoding = 4; lastKnownFileType = sourcecode.c.objc; path = AFNetworkActivityIndicatorManager.m; sourceTree = "<group>"; };
		78EA6E441BA58C06007A5580 /* UIActivityIndicatorView+AFNetworking.h */ = {isa = PBXFileReference; fileEncoding = 4; lastKnownFileType = sourcecode.c.h; path = "UIActivityIndicatorView+AFNetworking.h"; sourceTree = "<group>"; };
		78EA6E451BA58C06007A5580 /* UIActivityIndicatorView+AFNetworking.m */ = {isa = PBXFileReference; fileEncoding = 4; lastKnownFileType = sourcecode.c.objc; path = "UIActivityIndicatorView+AFNetworking.m"; sourceTree = "<group>"; };
		78EA6E461BA58C06007A5580 /* UIAlertView+AFNetworking.h */ = {isa = PBXFileReference; fileEncoding = 4; lastKnownFileType = sourcecode.c.h; path = "UIAlertView+AFNetworking.h"; sourceTree = "<group>"; };
		78EA6E471BA58C06007A5580 /* UIAlertView+AFNetworking.m */ = {isa = PBXFileReference; fileEncoding = 4; lastKnownFileType = sourcecode.c.objc; path = "UIAlertView+AFNetworking.m"; sourceTree = "<group>"; };
		78EA6E481BA58C06007A5580 /* UIButton+AFNetworking.h */ = {isa = PBXFileReference; fileEncoding = 4; lastKnownFileType = sourcecode.c.h; path = "UIButton+AFNetworking.h"; sourceTree = "<group>"; };
		78EA6E491BA58C06007A5580 /* UIButton+AFNetworking.m */ = {isa = PBXFileReference; fileEncoding = 4; lastKnownFileType = sourcecode.c.objc; path = "UIButton+AFNetworking.m"; sourceTree = "<group>"; };
		78EA6E4A1BA58C06007A5580 /* UIImageView+AFNetworking.h */ = {isa = PBXFileReference; fileEncoding = 4; lastKnownFileType = sourcecode.c.h; path = "UIImageView+AFNetworking.h"; sourceTree = "<group>"; };
		78EA6E4B1BA58C06007A5580 /* UIImageView+AFNetworking.m */ = {isa = PBXFileReference; fileEncoding = 4; lastKnownFileType = sourcecode.c.objc; path = "UIImageView+AFNetworking.m"; sourceTree = "<group>"; };
		78EA6E4C1BA58C06007A5580 /* UIKit+AFNetworking.h */ = {isa = PBXFileReference; fileEncoding = 4; lastKnownFileType = sourcecode.c.h; path = "UIKit+AFNetworking.h"; sourceTree = "<group>"; };
		78EA6E4D1BA58C06007A5580 /* UIProgressView+AFNetworking.h */ = {isa = PBXFileReference; fileEncoding = 4; lastKnownFileType = sourcecode.c.h; path = "UIProgressView+AFNetworking.h"; sourceTree = "<group>"; };
		78EA6E4E1BA58C06007A5580 /* UIProgressView+AFNetworking.m */ = {isa = PBXFileReference; fileEncoding = 4; lastKnownFileType = sourcecode.c.objc; path = "UIProgressView+AFNetworking.m"; sourceTree = "<group>"; };
		78EA6E4F1BA58C06007A5580 /* UIRefreshControl+AFNetworking.h */ = {isa = PBXFileReference; fileEncoding = 4; lastKnownFileType = sourcecode.c.h; path = "UIRefreshControl+AFNetworking.h"; sourceTree = "<group>"; };
		78EA6E501BA58C06007A5580 /* UIRefreshControl+AFNetworking.m */ = {isa = PBXFileReference; fileEncoding = 4; lastKnownFileType = sourcecode.c.objc; path = "UIRefreshControl+AFNetworking.m"; sourceTree = "<group>"; };
		78EA6E511BA58C06007A5580 /* UIWebView+AFNetworking.h */ = {isa = PBXFileReference; fileEncoding = 4; lastKnownFileType = sourcecode.c.h; path = "UIWebView+AFNetworking.h"; sourceTree = "<group>"; };
		78EA6E521BA58C06007A5580 /* UIWebView+AFNetworking.m */ = {isa = PBXFileReference; fileEncoding = 4; lastKnownFileType = sourcecode.c.objc; path = "UIWebView+AFNetworking.m"; sourceTree = "<group>"; };
		78EA6E541BA58C06007A5580 /* DejalActivityView.h */ = {isa = PBXFileReference; fileEncoding = 4; lastKnownFileType = sourcecode.c.h; path = DejalActivityView.h; sourceTree = "<group>"; };
		78EA6E551BA58C06007A5580 /* DejalActivityView.m */ = {isa = PBXFileReference; fileEncoding = 4; lastKnownFileType = sourcecode.c.objc; path = DejalActivityView.m; sourceTree = "<group>"; };
		78EA6E571BA58C06007A5580 /* TKAlertCenter.h */ = {isa = PBXFileReference; fileEncoding = 4; lastKnownFileType = sourcecode.c.h; path = TKAlertCenter.h; sourceTree = "<group>"; };
		78EA6E581BA58C06007A5580 /* TKAlertCenter.m */ = {isa = PBXFileReference; fileEncoding = 4; lastKnownFileType = sourcecode.c.objc; path = TKAlertCenter.m; sourceTree = "<group>"; };
		78EA6E591BA58C06007A5580 /* UIView+TKCategory.h */ = {isa = PBXFileReference; fileEncoding = 4; lastKnownFileType = sourcecode.c.h; path = "UIView+TKCategory.h"; sourceTree = "<group>"; };
		78EA6E5A1BA58C06007A5580 /* UIView+TKCategory.m */ = {isa = PBXFileReference; fileEncoding = 4; lastKnownFileType = sourcecode.c.objc; path = "UIView+TKCategory.m"; sourceTree = "<group>"; };
		78EA6E721BA58D3B007A5580 /* Service.h */ = {isa = PBXFileReference; fileEncoding = 4; lastKnownFileType = sourcecode.c.h; path = Service.h; sourceTree = "<group>"; };
		78EA6E731BA58D3B007A5580 /* Service.m */ = {isa = PBXFileReference; fileEncoding = 4; lastKnownFileType = sourcecode.c.objc; path = Service.m; sourceTree = "<group>"; };
/* End PBXFileReference section */

/* Begin PBXFrameworksBuildPhase section */
		7863ABDB1BA3B10000499BBB /* Frameworks */ = {
			isa = PBXFrameworksBuildPhase;
			buildActionMask = 2147483647;
			files = (
				78446FA01BB22F62003B8428 /* CoreTelephony.framework in Frameworks */,
			);
			runOnlyForDeploymentPostprocessing = 0;
		};
		7863ABF41BA3B10000499BBB /* Frameworks */ = {
			isa = PBXFrameworksBuildPhase;
			buildActionMask = 2147483647;
			files = (
			);
			runOnlyForDeploymentPostprocessing = 0;
		};
/* End PBXFrameworksBuildPhase section */

/* Begin PBXGroup section */
		78226D361BB78DD000C8598D /* UDID_Tools */ = {
			isa = PBXGroup;
			children = (
				78226D371BB78DD000C8598D /* SvUDIDTools.h */,
				78226D381BB78DD000C8598D /* SvUDIDTools.m */,
			);
			path = UDID_Tools;
			sourceTree = "<group>";
		};
		78226D3C1BB7911600C8598D /* EGOTableViewPullRefresh */ = {
			isa = PBXGroup;
			children = (
				78226D3D1BB7911600C8598D /* Classes */,
				78226D461BB7911600C8598D /* Resources */,
			);
			path = EGOTableViewPullRefresh;
			sourceTree = "<group>";
		};
		78226D3D1BB7911600C8598D /* Classes */ = {
			isa = PBXGroup;
			children = (
				78226D3E1BB7911600C8598D /* EGORefreshTableHeaderView.h */,
				78226D3F1BB7911600C8598D /* EGORefreshTableHeaderView.m */,
				78226D401BB7911600C8598D /* LoadMoreTableFooterView.h */,
				78226D411BB7911600C8598D /* LoadMoreTableFooterView.m */,
				78226D421BB7911600C8598D /* MessageInterceptor.h */,
				78226D431BB7911600C8598D /* MessageInterceptor.m */,
				78226D441BB7911600C8598D /* PullTableView.h */,
				78226D451BB7911600C8598D /* PullTableView.m */,
			);
			path = Classes;
			sourceTree = "<group>";
		};
		78226D461BB7911600C8598D /* Resources */ = {
			isa = PBXGroup;
			children = (
				78226D471BB7911600C8598D /* blackArrow.png */,
				78226D481BB7911600C8598D /* blackArrow@2x.png */,
				78226D491BB7911600C8598D /* blueArrow.png */,
				78226D4A1BB7911600C8598D /* blueArrow@2x.png */,
				78226D4B1BB7911600C8598D /* grayArrow.png */,
				78226D4C1BB7911600C8598D /* grayArrow@2x.png */,
				78226D4D1BB7911600C8598D /* whiteArrow.png */,
				78226D4E1BB7911600C8598D /* whiteArrow@2x.png */,
			);
			path = Resources;
			sourceTree = "<group>";
		};
		78226D5B1BB794DD00C8598D /* JSONKit */ = {
			isa = PBXGroup;
			children = (
				78226D5C1BB794DD00C8598D /* JSONKit.h */,
				78226D5D1BB794DD00C8598D /* JSONKit.m */,
			);
			path = JSONKit;
			sourceTree = "<group>";
		};
		7842AB951BAAB0A6005DEA8D /* NetworkCheckUtil */ = {
			isa = PBXGroup;
			children = (
				7842AB961BAAB0A6005DEA8D /* NetworkCheckUtil.h */,
				7842AB971BAAB0A6005DEA8D /* NetworkCheckUtil.m */,
			);
			path = NetworkCheckUtil;
			sourceTree = "<group>";
		};
		7863ABD51BA3B10000499BBB = {
			isa = PBXGroup;
			children = (
				78446F9F1BB22F62003B8428 /* CoreTelephony.framework */,
				7863ABE01BA3B10000499BBB /* orderTest */,
				7863ABFA1BA3B10000499BBB /* orderTestTests */,
				7863ABDF1BA3B10000499BBB /* Products */,
			);
			sourceTree = "<group>";
		};
		7863ABDF1BA3B10000499BBB /* Products */ = {
			isa = PBXGroup;
			children = (
				7863ABDE1BA3B10000499BBB /* orderTest.app */,
				7863ABF71BA3B10000499BBB /* orderTestTests.xctest */,
			);
			name = Products;
			sourceTree = "<group>";
		};
		7863ABE01BA3B10000499BBB /* orderTest */ = {
			isa = PBXGroup;
			children = (
				78226D3A1BB78DED00C8598D /* KeychainAccessGroups.plist */,
				78EA6E711BA58D1F007A5580 /* Service */,
				78EA6E291BA58C06007A5580 /* Vendors */,
				7863AC3A1BA3D6AD00499BBB /* UI */,
				7863AC271BA3B47B00499BBB /* Model */,
				7863AC081BA3B24100499BBB /* YLYAdditions */,
				7863AC101BA3B24100499BBB /* YLYMacros */,
				7863ABE11BA3B10000499BBB /* Supporting Files */,
				7863ABEE1BA3B10000499BBB /* Images.xcassets */,
				7863ABF01BA3B10000499BBB /* LaunchScreen.xib */,
				7863ABE51BA3B10000499BBB /* AppDelegate.h */,
				7863ABE61BA3B10000499BBB /* AppDelegate.m */,
				7863AC151BA3B27100499BBB /* TabbarViewController.h */,
				7863AC161BA3B27100499BBB /* TabbarViewController.m */,
				7863AC181BA3B2C800499BBB /* HomeViewController.h */,
				7863AC191BA3B2C800499BBB /* HomeViewController.m */,
				7863AC1B1BA3B2E000499BBB /* OrderViewController.h */,
				7863AC1C1BA3B2E000499BBB /* OrderViewController.m */,
				78EA6E081BA5052E007A5580 /* ServiceViewController.h */,
				78EA6E091BA5052E007A5580 /* ServiceViewController.m */,
				7863AC1E1BA3B30000499BBB /* MineViewController.h */,
				7863AC1F1BA3B30000499BBB /* MineViewController.m */,
				7863AC211BA3B3D900499BBB /* BaseViewController.h */,
				7863AC221BA3B3D900499BBB /* BaseViewController.m */,
				7863AC2E1BA3B4E800499BBB /* YLYLoginViewController.h */,
				7863AC2F1BA3B4E800499BBB /* YLYLoginViewController.m */,
				7863AC311BA3B94300499BBB /* CollectViewController.h */,
				7863AC321BA3B94300499BBB /* CollectViewController.m */,
				7863AC341BA3B94E00499BBB /* RecordViewController.h */,
				7863AC351BA3B94E00499BBB /* RecordViewController.m */,
				7863AC371BA3B96A00499BBB /* MilViewController.h */,
				7863AC381BA3B96A00499BBB /* MilViewController.m */,
				78EA6E171BA53263007A5580 /* DriverListViewController.h */,
				78EA6E181BA53263007A5580 /* DriverListViewController.m */,
				78EA6E1A1BA5327C007A5580 /* DriverTableViewCell.h */,
				78EA6E1B1BA5327C007A5580 /* DriverTableViewCell.m */,
				78EA6E1D1BA53427007A5580 /* RecordListViewController.h */,
				78EA6E1E1BA53427007A5580 /* RecordListViewController.m */,
				78EA6E1F1BA53427007A5580 /* CarListViewController.h */,
				78EA6E201BA53427007A5580 /* CarListViewController.m */,
				78EA6E211BA53427007A5580 /* RecordTableViewCell.h */,
				78EA6E221BA53427007A5580 /* RecordTableViewCell.m */,
				78EA6E231BA53427007A5580 /* CarTableViewCell.h */,
				78EA6E241BA53427007A5580 /* CarTableViewCell.m */,
				78226D621BB7A61500C8598D /* SubCarListViewController.h */,
				78226D631BB7A61500C8598D /* SubCarListViewController.m */,
			);
			path = orderTest;
			sourceTree = "<group>";
		};
		7863ABE11BA3B10000499BBB /* Supporting Files */ = {
			isa = PBXGroup;
			children = (
				7863ABE21BA3B10000499BBB /* Info.plist */,
				7863ABE31BA3B10000499BBB /* main.m */,
				7863AC071BA3B14800499BBB /* PrefixHeader.pch */,
			);
			name = "Supporting Files";
			sourceTree = "<group>";
		};
		7863ABFA1BA3B10000499BBB /* orderTestTests */ = {
			isa = PBXGroup;
			children = (
				7863ABFD1BA3B10000499BBB /* orderTestTests.m */,
				7863ABFB1BA3B10000499BBB /* Supporting Files */,
			);
			path = orderTestTests;
			sourceTree = "<group>";
		};
		7863ABFB1BA3B10000499BBB /* Supporting Files */ = {
			isa = PBXGroup;
			children = (
				7863ABFC1BA3B10000499BBB /* Info.plist */,
			);
			name = "Supporting Files";
			sourceTree = "<group>";
		};
		7863AC081BA3B24100499BBB /* YLYAdditions */ = {
			isa = PBXGroup;
			children = (
				7863AC091BA3B24100499BBB /* NSUserDefaults+Addition.h */,
				7863AC0A1BA3B24100499BBB /* NSUserDefaults+Addition.m */,
				7863AC0B1BA3B24100499BBB /* UIView+Addition.h */,
				7863AC0C1BA3B24100499BBB /* UIView+Addition.m */,
				78EA6E141BA51A9B007A5580 /* NSDate+Addition.h */,
				78EA6E151BA51A9B007A5580 /* NSDate+Addition.m */,
			);
			path = YLYAdditions;
			sourceTree = "<group>";
		};
		7863AC101BA3B24100499BBB /* YLYMacros */ = {
			isa = PBXGroup;
			children = (
				7863AC111BA3B24100499BBB /* YLYMacros.h */,
			);
			path = YLYMacros;
			sourceTree = "<group>";
		};
		7863AC271BA3B47B00499BBB /* Model */ = {
			isa = PBXGroup;
			children = (
				7863AC2B1BA3B4C500499BBB /* YLYUser.h */,
				7863AC2C1BA3B4C500499BBB /* YLYUser.m */,
				7863AC3E1BA3F48F00499BBB /* Order.h */,
				7863AC3F1BA3F48F00499BBB /* Order.m */,
				788C9E821BB25A0400D8D2B2 /* Car.h */,
				788C9E831BB25A0400D8D2B2 /* Car.m */,
				788C9E851BB25A1100D8D2B2 /* Driver.h */,
				788C9E861BB25A1100D8D2B2 /* Driver.m */,
			);
			path = Model;
			sourceTree = "<group>";
		};
		7863AC3A1BA3D6AD00499BBB /* UI */ = {
			isa = PBXGroup;
			children = (
				78226D5F1BB7A20D00C8598D /* ChoiceSegmentedView.h */,
				78226D601BB7A20D00C8598D /* ChoiceSegmentedView.m */,
				7863AC3B1BA3D6AD00499BBB /* YLYTipsTextField.h */,
				7863AC3C1BA3D6AD00499BBB /* YLYTipsTextField.m */,
				78EA6E0B1BA5081A007A5580 /* ArrowButton.h */,
				78EA6E0C1BA5081A007A5580 /* ArrowButton.m */,
				78EA6E0E1BA50D9F007A5580 /* ImageButton.h */,
				78EA6E0F1BA50D9F007A5580 /* ImageButton.m */,
				78EA6E111BA517CB007A5580 /* DashView.h */,
				78EA6E121BA517CB007A5580 /* DashView.m */,
			);
			path = UI;
			sourceTree = "<group>";
		};
		788C9E7E1BB257BC00D8D2B2 /* NSDictionary+NSDictionary_Addition */ = {
			isa = PBXGroup;
			children = (
				788C9E7F1BB257BC00D8D2B2 /* NSDictionary+NSDictionary_Addition.h */,
				788C9E801BB257BC00D8D2B2 /* NSDictionary+NSDictionary_Addition.m */,
			);
			path = "NSDictionary+NSDictionary_Addition";
			sourceTree = "<group>";
		};
		78EA6E291BA58C06007A5580 /* Vendors */ = {
			isa = PBXGroup;
			children = (
				78226D5B1BB794DD00C8598D /* JSONKit */,
				78226D3C1BB7911600C8598D /* EGOTableViewPullRefresh */,
				78226D361BB78DD000C8598D /* UDID_Tools */,
				788C9E7E1BB257BC00D8D2B2 /* NSDictionary+NSDictionary_Addition */,
				7842AB951BAAB0A6005DEA8D /* NetworkCheckUtil */,
				78EA6E2A1BA58C06007A5580 /* AFNetworking */,
				78EA6E531BA58C06007A5580 /* DejalActivityView */,
				78EA6E561BA58C06007A5580 /* TKAlertCenter */,
			);
			path = Vendors;
			sourceTree = "<group>";
		};
		78EA6E2A1BA58C06007A5580 /* AFNetworking */ = {
			isa = PBXGroup;
			children = (
				78EA6E2B1BA58C06007A5580 /* AFNetworking */,
				78EA6E3F1BA58C06007A5580 /* LICENSE */,
				78EA6E401BA58C06007A5580 /* README.md */,
				78EA6E411BA58C06007A5580 /* UIKit+AFNetworking */,
			);
			path = AFNetworking;
			sourceTree = "<group>";
		};
		78EA6E2B1BA58C06007A5580 /* AFNetworking */ = {
			isa = PBXGroup;
			children = (
				78EA6E2C1BA58C06007A5580 /* AFHTTPRequestOperation.h */,
				78EA6E2D1BA58C06007A5580 /* AFHTTPRequestOperation.m */,
				78EA6E2E1BA58C06007A5580 /* AFHTTPRequestOperationManager.h */,
				78EA6E2F1BA58C06007A5580 /* AFHTTPRequestOperationManager.m */,
				78EA6E301BA58C06007A5580 /* AFHTTPSessionManager.h */,
				78EA6E311BA58C06007A5580 /* AFHTTPSessionManager.m */,
				78EA6E321BA58C06007A5580 /* AFNetworking.h */,
				78EA6E331BA58C06007A5580 /* AFNetworkReachabilityManager.h */,
				78EA6E341BA58C06007A5580 /* AFNetworkReachabilityManager.m */,
				78EA6E351BA58C06007A5580 /* AFSecurityPolicy.h */,
				78EA6E361BA58C06007A5580 /* AFSecurityPolicy.m */,
				78EA6E371BA58C06007A5580 /* AFURLConnectionOperation.h */,
				78EA6E381BA58C06007A5580 /* AFURLConnectionOperation.m */,
				78EA6E391BA58C06007A5580 /* AFURLRequestSerialization.h */,
				78EA6E3A1BA58C06007A5580 /* AFURLRequestSerialization.m */,
				78EA6E3B1BA58C06007A5580 /* AFURLResponseSerialization.h */,
				78EA6E3C1BA58C06007A5580 /* AFURLResponseSerialization.m */,
				78EA6E3D1BA58C06007A5580 /* AFURLSessionManager.h */,
				78EA6E3E1BA58C06007A5580 /* AFURLSessionManager.m */,
			);
			path = AFNetworking;
			sourceTree = "<group>";
		};
		78EA6E411BA58C06007A5580 /* UIKit+AFNetworking */ = {
			isa = PBXGroup;
			children = (
				78EA6E421BA58C06007A5580 /* AFNetworkActivityIndicatorManager.h */,
				78EA6E431BA58C06007A5580 /* AFNetworkActivityIndicatorManager.m */,
				78EA6E441BA58C06007A5580 /* UIActivityIndicatorView+AFNetworking.h */,
				78EA6E451BA58C06007A5580 /* UIActivityIndicatorView+AFNetworking.m */,
				78EA6E461BA58C06007A5580 /* UIAlertView+AFNetworking.h */,
				78EA6E471BA58C06007A5580 /* UIAlertView+AFNetworking.m */,
				78EA6E481BA58C06007A5580 /* UIButton+AFNetworking.h */,
				78EA6E491BA58C06007A5580 /* UIButton+AFNetworking.m */,
				78EA6E4A1BA58C06007A5580 /* UIImageView+AFNetworking.h */,
				78EA6E4B1BA58C06007A5580 /* UIImageView+AFNetworking.m */,
				78EA6E4C1BA58C06007A5580 /* UIKit+AFNetworking.h */,
				78EA6E4D1BA58C06007A5580 /* UIProgressView+AFNetworking.h */,
				78EA6E4E1BA58C06007A5580 /* UIProgressView+AFNetworking.m */,
				78EA6E4F1BA58C06007A5580 /* UIRefreshControl+AFNetworking.h */,
				78EA6E501BA58C06007A5580 /* UIRefreshControl+AFNetworking.m */,
				78EA6E511BA58C06007A5580 /* UIWebView+AFNetworking.h */,
				78EA6E521BA58C06007A5580 /* UIWebView+AFNetworking.m */,
			);
			path = "UIKit+AFNetworking";
			sourceTree = "<group>";
		};
		78EA6E531BA58C06007A5580 /* DejalActivityView */ = {
			isa = PBXGroup;
			children = (
				78EA6E541BA58C06007A5580 /* DejalActivityView.h */,
				78EA6E551BA58C06007A5580 /* DejalActivityView.m */,
			);
			path = DejalActivityView;
			sourceTree = "<group>";
		};
		78EA6E561BA58C06007A5580 /* TKAlertCenter */ = {
			isa = PBXGroup;
			children = (
				78EA6E571BA58C06007A5580 /* TKAlertCenter.h */,
				78EA6E581BA58C06007A5580 /* TKAlertCenter.m */,
				78EA6E591BA58C06007A5580 /* UIView+TKCategory.h */,
				78EA6E5A1BA58C06007A5580 /* UIView+TKCategory.m */,
			);
			path = TKAlertCenter;
			sourceTree = "<group>";
		};
		78EA6E711BA58D1F007A5580 /* Service */ = {
			isa = PBXGroup;
			children = (
				78EA6E721BA58D3B007A5580 /* Service.h */,
				78EA6E731BA58D3B007A5580 /* Service.m */,
			);
			path = Service;
			sourceTree = "<group>";
		};
/* End PBXGroup section */

/* Begin PBXNativeTarget section */
		7863ABDD1BA3B10000499BBB /* orderTest */ = {
			isa = PBXNativeTarget;
			buildConfigurationList = 7863AC011BA3B10000499BBB /* Build configuration list for PBXNativeTarget "orderTest" */;
			buildPhases = (
				7863ABDA1BA3B10000499BBB /* Sources */,
				7863ABDB1BA3B10000499BBB /* Frameworks */,
				7863ABDC1BA3B10000499BBB /* Resources */,
			);
			buildRules = (
			);
			dependencies = (
			);
			name = orderTest;
			productName = orderTest;
			productReference = 7863ABDE1BA3B10000499BBB /* orderTest.app */;
			productType = "com.apple.product-type.application";
		};
		7863ABF61BA3B10000499BBB /* orderTestTests */ = {
			isa = PBXNativeTarget;
			buildConfigurationList = 7863AC041BA3B10000499BBB /* Build configuration list for PBXNativeTarget "orderTestTests" */;
			buildPhases = (
				7863ABF31BA3B10000499BBB /* Sources */,
				7863ABF41BA3B10000499BBB /* Frameworks */,
				7863ABF51BA3B10000499BBB /* Resources */,
			);
			buildRules = (
			);
			dependencies = (
				7863ABF91BA3B10000499BBB /* PBXTargetDependency */,
			);
			name = orderTestTests;
			productName = orderTestTests;
			productReference = 7863ABF71BA3B10000499BBB /* orderTestTests.xctest */;
			productType = "com.apple.product-type.bundle.unit-test";
		};
/* End PBXNativeTarget section */

/* Begin PBXProject section */
		7863ABD61BA3B10000499BBB /* Project object */ = {
			isa = PBXProject;
			attributes = {
				LastUpgradeCheck = 0640;
				ORGANIZATIONNAME = wangxu;
				TargetAttributes = {
					7863ABDD1BA3B10000499BBB = {
						CreatedOnToolsVersion = 6.4;
					};
					7863ABF61BA3B10000499BBB = {
						CreatedOnToolsVersion = 6.4;
						TestTargetID = 7863ABDD1BA3B10000499BBB;
					};
				};
			};
			buildConfigurationList = 7863ABD91BA3B10000499BBB /* Build configuration list for PBXProject "orderTest" */;
			compatibilityVersion = "Xcode 3.2";
			developmentRegion = English;
			hasScannedForEncodings = 0;
			knownRegions = (
				en,
				Base,
			);
			mainGroup = 7863ABD51BA3B10000499BBB;
			productRefGroup = 7863ABDF1BA3B10000499BBB /* Products */;
			projectDirPath = "";
			projectRoot = "";
			targets = (
				7863ABDD1BA3B10000499BBB /* orderTest */,
				7863ABF61BA3B10000499BBB /* orderTestTests */,
			);
		};
/* End PBXProject section */

/* Begin PBXResourcesBuildPhase section */
		7863ABDC1BA3B10000499BBB /* Resources */ = {
			isa = PBXResourcesBuildPhase;
			buildActionMask = 2147483647;
			files = (
				78226D571BB7911600C8598D /* grayArrow.png in Resources */,
				78226D561BB7911600C8598D /* blueArrow@2x.png in Resources */,
				78EA6E641BA58C06007A5580 /* LICENSE in Resources */,
				78226D591BB7911600C8598D /* whiteArrow.png in Resources */,
				78226D581BB7911600C8598D /* grayArrow@2x.png in Resources */,
				7863ABF21BA3B10000499BBB /* LaunchScreen.xib in Resources */,
				78226D541BB7911600C8598D /* blackArrow@2x.png in Resources */,
				78226D531BB7911600C8598D /* blackArrow.png in Resources */,
				78226D551BB7911600C8598D /* blueArrow.png in Resources */,
				78226D3B1BB78DED00C8598D /* KeychainAccessGroups.plist in Resources */,
				78226D5A1BB7911600C8598D /* whiteArrow@2x.png in Resources */,
				7863ABEF1BA3B10000499BBB /* Images.xcassets in Resources */,
			);
			runOnlyForDeploymentPostprocessing = 0;
		};
		7863ABF51BA3B10000499BBB /* Resources */ = {
			isa = PBXResourcesBuildPhase;
			buildActionMask = 2147483647;
			files = (
			);
			runOnlyForDeploymentPostprocessing = 0;
		};
/* End PBXResourcesBuildPhase section */

/* Begin PBXSourcesBuildPhase section */
		7863ABDA1BA3B10000499BBB /* Sources */ = {
			isa = PBXSourcesBuildPhase;
			buildActionMask = 2147483647;
			files = (
				7863AC301BA3B4E800499BBB /* YLYLoginViewController.m in Sources */,
				78EA6E5E1BA58C06007A5580 /* AFNetworkReachabilityManager.m in Sources */,
				78226D611BB7A20D00C8598D /* ChoiceSegmentedView.m in Sources */,
				78EA6E6D1BA58C06007A5580 /* UIWebView+AFNetworking.m in Sources */,
				7863AC231BA3B3D900499BBB /* BaseViewController.m in Sources */,
				78EA6E101BA50D9F007A5580 /* ImageButton.m in Sources */,
				7842AB981BAAB0A6005DEA8D /* NetworkCheckUtil.m in Sources */,
				78EA6E661BA58C06007A5580 /* AFNetworkActivityIndicatorManager.m in Sources */,
				78226D4F1BB7911600C8598D /* EGORefreshTableHeaderView.m in Sources */,
				7863AC131BA3B24100499BBB /* UIView+Addition.m in Sources */,
				78EA6E261BA53427007A5580 /* CarListViewController.m in Sources */,
				7863AC391BA3B96A00499BBB /* MilViewController.m in Sources */,
				78EA6E1C1BA5327C007A5580 /* DriverTableViewCell.m in Sources */,
				7863AC171BA3B27100499BBB /* TabbarViewController.m in Sources */,
				78226D391BB78DD000C8598D /* SvUDIDTools.m in Sources */,
				78226D521BB7911600C8598D /* PullTableView.m in Sources */,
				78EA6E631BA58C06007A5580 /* AFURLSessionManager.m in Sources */,
				78EA6E271BA53427007A5580 /* RecordTableViewCell.m in Sources */,
				78EA6E671BA58C06007A5580 /* UIActivityIndicatorView+AFNetworking.m in Sources */,
				78EA6E0A1BA5052E007A5580 /* ServiceViewController.m in Sources */,
				7863AC361BA3B94E00499BBB /* RecordViewController.m in Sources */,
				7863AC201BA3B30000499BBB /* MineViewController.m in Sources */,
				78226D641BB7A61500C8598D /* SubCarListViewController.m in Sources */,
				788C9E871BB25A1100D8D2B2 /* Driver.m in Sources */,
				78EA6E161BA51A9B007A5580 /* NSDate+Addition.m in Sources */,
				78EA6E281BA53427007A5580 /* CarTableViewCell.m in Sources */,
				78EA6E6C1BA58C06007A5580 /* UIRefreshControl+AFNetworking.m in Sources */,
				7863AC3D1BA3D6AD00499BBB /* YLYTipsTextField.m in Sources */,
				78EA6E6A1BA58C06007A5580 /* UIImageView+AFNetworking.m in Sources */,
				7863AC2D1BA3B4C500499BBB /* YLYUser.m in Sources */,
				78EA6E251BA53427007A5580 /* RecordListViewController.m in Sources */,
				78226D5E1BB794DD00C8598D /* JSONKit.m in Sources */,
				7863AC1D1BA3B2E000499BBB /* OrderViewController.m in Sources */,
				78EA6E6B1BA58C06007A5580 /* UIProgressView+AFNetworking.m in Sources */,
				78EA6E741BA58D3B007A5580 /* Service.m in Sources */,
				78EA6E621BA58C06007A5580 /* AFURLResponseSerialization.m in Sources */,
				7863AC331BA3B94300499BBB /* CollectViewController.m in Sources */,
				78226D501BB7911600C8598D /* LoadMoreTableFooterView.m in Sources */,
				788C9E841BB25A0400D8D2B2 /* Car.m in Sources */,
				78EA6E681BA58C06007A5580 /* UIAlertView+AFNetworking.m in Sources */,
				7863ABE71BA3B10000499BBB /* AppDelegate.m in Sources */,
				78EA6E5B1BA58C06007A5580 /* AFHTTPRequestOperation.m in Sources */,
				788C9E811BB257BC00D8D2B2 /* NSDictionary+NSDictionary_Addition.m in Sources */,
				78226D511BB7911600C8598D /* MessageInterceptor.m in Sources */,
				78EA6E6F1BA58C06007A5580 /* TKAlertCenter.m in Sources */,
				78EA6E601BA58C06007A5580 /* AFURLConnectionOperation.m in Sources */,
				78EA6E6E1BA58C06007A5580 /* DejalActivityView.m in Sources */,
				78EA6E5C1BA58C06007A5580 /* AFHTTPRequestOperationManager.m in Sources */,
				7863ABE41BA3B10000499BBB /* main.m in Sources */,
				7863AC1A1BA3B2C800499BBB /* HomeViewController.m in Sources */,
				78EA6E131BA517CB007A5580 /* DashView.m in Sources */,
				78EA6E651BA58C06007A5580 /* README.md in Sources */,
				78EA6E191BA53263007A5580 /* DriverListViewController.m in Sources */,
				7863AC401BA3F48F00499BBB /* Order.m in Sources */,
				78EA6E611BA58C06007A5580 /* AFURLRequestSerialization.m in Sources */,
				78EA6E5F1BA58C06007A5580 /* AFSecurityPolicy.m in Sources */,
				78EA6E691BA58C06007A5580 /* UIButton+AFNetworking.m in Sources */,
				78EA6E5D1BA58C06007A5580 /* AFHTTPSessionManager.m in Sources */,
				7863AC121BA3B24100499BBB /* NSUserDefaults+Addition.m in Sources */,
				78EA6E0D1BA5081A007A5580 /* ArrowButton.m in Sources */,
				78EA6E701BA58C06007A5580 /* UIView+TKCategory.m in Sources */,
			);
			runOnlyForDeploymentPostprocessing = 0;
		};
		7863ABF31BA3B10000499BBB /* Sources */ = {
			isa = PBXSourcesBuildPhase;
			buildActionMask = 2147483647;
			files = (
				7863ABFE1BA3B10000499BBB /* orderTestTests.m in Sources */,
			);
			runOnlyForDeploymentPostprocessing = 0;
		};
/* End PBXSourcesBuildPhase section */

/* Begin PBXTargetDependency section */
		7863ABF91BA3B10000499BBB /* PBXTargetDependency */ = {
			isa = PBXTargetDependency;
			target = 7863ABDD1BA3B10000499BBB /* orderTest */;
			targetProxy = 7863ABF81BA3B10000499BBB /* PBXContainerItemProxy */;
		};
/* End PBXTargetDependency section */

/* Begin PBXVariantGroup section */
		7863ABF01BA3B10000499BBB /* LaunchScreen.xib */ = {
			isa = PBXVariantGroup;
			children = (
				7863ABF11BA3B10000499BBB /* Base */,
			);
			name = LaunchScreen.xib;
			sourceTree = "<group>";
		};
/* End PBXVariantGroup section */

/* Begin XCBuildConfiguration section */
		7863ABFF1BA3B10000499BBB /* Debug */ = {
			isa = XCBuildConfiguration;
			buildSettings = {
				ALWAYS_SEARCH_USER_PATHS = NO;
				CLANG_CXX_LANGUAGE_STANDARD = "gnu++0x";
				CLANG_CXX_LIBRARY = "libc++";
				CLANG_ENABLE_MODULES = YES;
				CLANG_ENABLE_OBJC_ARC = YES;
				CLANG_WARN_BOOL_CONVERSION = YES;
				CLANG_WARN_CONSTANT_CONVERSION = YES;
				CLANG_WARN_DIRECT_OBJC_ISA_USAGE = YES_ERROR;
				CLANG_WARN_EMPTY_BODY = YES;
				CLANG_WARN_ENUM_CONVERSION = YES;
				CLANG_WARN_INT_CONVERSION = YES;
				CLANG_WARN_OBJC_ROOT_CLASS = YES_ERROR;
				CLANG_WARN_UNREACHABLE_CODE = YES;
				CLANG_WARN__DUPLICATE_METHOD_MATCH = YES;
				"CODE_SIGN_IDENTITY[sdk=iphoneos*]" = "iPhone Developer";
				COPY_PHASE_STRIP = NO;
				DEBUG_INFORMATION_FORMAT = "dwarf-with-dsym";
				ENABLE_STRICT_OBJC_MSGSEND = YES;
				GCC_C_LANGUAGE_STANDARD = gnu99;
				GCC_DYNAMIC_NO_PIC = NO;
				GCC_NO_COMMON_BLOCKS = YES;
				GCC_OPTIMIZATION_LEVEL = 0;
				GCC_PREPROCESSOR_DEFINITIONS = (
					"DEBUG=1",
					"$(inherited)",
				);
				GCC_SYMBOLS_PRIVATE_EXTERN = NO;
				GCC_WARN_64_TO_32_BIT_CONVERSION = YES;
				GCC_WARN_ABOUT_RETURN_TYPE = YES_ERROR;
				GCC_WARN_UNDECLARED_SELECTOR = YES;
				GCC_WARN_UNINITIALIZED_AUTOS = YES_AGGRESSIVE;
				GCC_WARN_UNUSED_FUNCTION = YES;
				GCC_WARN_UNUSED_VARIABLE = YES;
				IPHONEOS_DEPLOYMENT_TARGET = 8.4;
				MTL_ENABLE_DEBUG_INFO = YES;
				ONLY_ACTIVE_ARCH = YES;
				SDKROOT = iphoneos;
			};
			name = Debug;
		};
		7863AC001BA3B10000499BBB /* Release */ = {
			isa = XCBuildConfiguration;
			buildSettings = {
				ALWAYS_SEARCH_USER_PATHS = NO;
				CLANG_CXX_LANGUAGE_STANDARD = "gnu++0x";
				CLANG_CXX_LIBRARY = "libc++";
				CLANG_ENABLE_MODULES = YES;
				CLANG_ENABLE_OBJC_ARC = YES;
				CLANG_WARN_BOOL_CONVERSION = YES;
				CLANG_WARN_CONSTANT_CONVERSION = YES;
				CLANG_WARN_DIRECT_OBJC_ISA_USAGE = YES_ERROR;
				CLANG_WARN_EMPTY_BODY = YES;
				CLANG_WARN_ENUM_CONVERSION = YES;
				CLANG_WARN_INT_CONVERSION = YES;
				CLANG_WARN_OBJC_ROOT_CLASS = YES_ERROR;
				CLANG_WARN_UNREACHABLE_CODE = YES;
				CLANG_WARN__DUPLICATE_METHOD_MATCH = YES;
				"CODE_SIGN_IDENTITY[sdk=iphoneos*]" = "iPhone Developer";
				COPY_PHASE_STRIP = NO;
				DEBUG_INFORMATION_FORMAT = "dwarf-with-dsym";
				ENABLE_NS_ASSERTIONS = NO;
				ENABLE_STRICT_OBJC_MSGSEND = YES;
				GCC_C_LANGUAGE_STANDARD = gnu99;
				GCC_NO_COMMON_BLOCKS = YES;
				GCC_WARN_64_TO_32_BIT_CONVERSION = YES;
				GCC_WARN_ABOUT_RETURN_TYPE = YES_ERROR;
				GCC_WARN_UNDECLARED_SELECTOR = YES;
				GCC_WARN_UNINITIALIZED_AUTOS = YES_AGGRESSIVE;
				GCC_WARN_UNUSED_FUNCTION = YES;
				GCC_WARN_UNUSED_VARIABLE = YES;
				IPHONEOS_DEPLOYMENT_TARGET = 8.4;
				MTL_ENABLE_DEBUG_INFO = NO;
				SDKROOT = iphoneos;
				VALIDATE_PRODUCT = YES;
			};
			name = Release;
		};
		7863AC021BA3B10000499BBB /* Debug */ = {
			isa = XCBuildConfiguration;
			buildSettings = {
				ASSETCATALOG_COMPILER_APPICON_NAME = AppIcon;
				CODE_SIGN_ENTITLEMENTS = KeychainAccessGroups.plist;
				GCC_PRECOMPILE_PREFIX_HEADER = NO;
				GCC_PREFIX_HEADER = "$(SRCROOT)/orderTest/PrefixHeader.pch";
				INFOPLIST_FILE = orderTest/Info.plist;
				IPHONEOS_DEPLOYMENT_TARGET = 8.0;
				LD_RUNPATH_SEARCH_PATHS = "$(inherited) @executable_path/Frameworks";
				PRODUCT_NAME = "$(TARGET_NAME)";
			};
			name = Debug;
		};
		7863AC031BA3B10000499BBB /* Release */ = {
			isa = XCBuildConfiguration;
			buildSettings = {
				ASSETCATALOG_COMPILER_APPICON_NAME = AppIcon;
				CODE_SIGN_ENTITLEMENTS = KeychainAccessGroups.plist;
				GCC_PRECOMPILE_PREFIX_HEADER = NO;
				GCC_PREFIX_HEADER = "$(SRCROOT)/orderTest/PrefixHeader.pch";
				INFOPLIST_FILE = orderTest/Info.plist;
				IPHONEOS_DEPLOYMENT_TARGET = 8.0;
				LD_RUNPATH_SEARCH_PATHS = "$(inherited) @executable_path/Frameworks";
				PRODUCT_NAME = "$(TARGET_NAME)";
			};
			name = Release;
		};
		7863AC051BA3B10000499BBB /* Debug */ = {
			isa = XCBuildConfiguration;
			buildSettings = {
				BUNDLE_LOADER = "$(TEST_HOST)";
				FRAMEWORK_SEARCH_PATHS = (
					"$(SDKROOT)/Developer/Library/Frameworks",
					"$(inherited)",
				);
				GCC_PREPROCESSOR_DEFINITIONS = (
					"DEBUG=1",
					"$(inherited)",
				);
				INFOPLIST_FILE = orderTestTests/Info.plist;
				LD_RUNPATH_SEARCH_PATHS = "$(inherited) @executable_path/Frameworks @loader_path/Frameworks";
				PRODUCT_NAME = "$(TARGET_NAME)";
				TEST_HOST = "$(BUILT_PRODUCTS_DIR)/orderTest.app/orderTest";
			};
			name = Debug;
		};
		7863AC061BA3B10000499BBB /* Release */ = {
			isa = XCBuildConfiguration;
			buildSettings = {
				BUNDLE_LOADER = "$(TEST_HOST)";
				FRAMEWORK_SEARCH_PATHS = (
					"$(SDKROOT)/Developer/Library/Frameworks",
					"$(inherited)",
				);
				INFOPLIST_FILE = orderTestTests/Info.plist;
				LD_RUNPATH_SEARCH_PATHS = "$(inherited) @executable_path/Frameworks @loader_path/Frameworks";
				PRODUCT_NAME = "$(TARGET_NAME)";
				TEST_HOST = "$(BUILT_PRODUCTS_DIR)/orderTest.app/orderTest";
			};
			name = Release;
		};
/* End XCBuildConfiguration section */

/* Begin XCConfigurationList section */
		7863ABD91BA3B10000499BBB /* Build configuration list for PBXProject "orderTest" */ = {
			isa = XCConfigurationList;
			buildConfigurations = (
				7863ABFF1BA3B10000499BBB /* Debug */,
				7863AC001BA3B10000499BBB /* Release */,
			);
			defaultConfigurationIsVisible = 0;
			defaultConfigurationName = Release;
		};
		7863AC011BA3B10000499BBB /* Build configuration list for PBXNativeTarget "orderTest" */ = {
			isa = XCConfigurationList;
			buildConfigurations = (
				7863AC021BA3B10000499BBB /* Debug */,
				7863AC031BA3B10000499BBB /* Release */,
			);
			defaultConfigurationIsVisible = 0;
			defaultConfigurationName = Release;
		};
		7863AC041BA3B10000499BBB /* Build configuration list for PBXNativeTarget "orderTestTests" */ = {
			isa = XCConfigurationList;
			buildConfigurations = (
				7863AC051BA3B10000499BBB /* Debug */,
				7863AC061BA3B10000499BBB /* Release */,
			);
			defaultConfigurationIsVisible = 0;
			defaultConfigurationName = Release;
		};
/* End XCConfigurationList section */
	};
	rootObject = 7863ABD61BA3B10000499BBB /* Project object */;
}
